
Microsoft Visual Studio Solution File, Format Version 12.00
# Visual Studio 14
VisualStudioVersion = 14.0.25420.1
MinimumVisualStudioVersion = 10.0.40219.1
Project("{2150E333-8FDC-42A3-9474-1A3956D46DE8}") = "src", "src", "{4F33202A-8FA3-431F-87FD-DA8B9C330BF7}"
EndProject
Project("{2150E333-8FDC-42A3-9474-1A3956D46DE8}") = "Solution Items", "Solution Items", "{7096BA90-A850-4576-B95B-A2BEAF3B132C}"
	ProjectSection(SolutionItems) = preProject
		global.json = global.json
	EndProjectSection
EndProject
Project("{8BB2217D-0F2D-49D1-97BC-3654ED321F3B}") = "ComponentDemo", "src\ComponentDemo\ComponentDemo.xproj", "{242A1663-3877-4B9E-BE2D-454DEBC54AD6}"
EndProject
Project("{8BB2217D-0F2D-49D1-97BC-3654ED321F3B}") = "ComponentTesting.Demo.Tests", "src\ComponentTesting.Demo.Tests\ComponentTesting.Demo.Tests.xproj", "{1B3B8D02-0592-4C79-A755-73540E681F1F}"
EndProject
Project("{8BB2217D-0F2D-49D1-97BC-3654ED321F3B}") = "ComponentTesting.Http", "src\ComponentTesting.Http\ComponentTesting.Http.xproj", "{2FD14CDB-E4D1-4ED7-9880-8152D5E37632}"
EndProject
Project("{8BB2217D-0F2D-49D1-97BC-3654ED321F3B}") = "ComponentTesting.Http.Auth0", "src\ComponentTesting.Http.Auth0\ComponentTesting.Http.Auth0.xproj", "{B3F78F3C-5737-483B-959C-B5716DB00AAC}"
EndProject
Project("{8BB2217D-0F2D-49D1-97BC-3654ED321F3B}") = "ComponentBoundaries.Http", "src\ComponentBoundaries.Http\ComponentBoundaries.Http.xproj", "{CEA0FF0E-0E54-4E2F-B855-C33B76FE42F3}"
EndProject
Project("{8BB2217D-0F2D-49D1-97BC-3654ED321F3B}") = "ComponentBoundaries.Http.Auth0", "src\ComponentBoundaries.Http.Auth0\ComponentBoundaries.Http.Auth0.xproj", "{83864102-C0DA-4CF3-9D2E-94EE57EEB593}"
EndProject
Global
	GlobalSection(SolutionConfigurationPlatforms) = preSolution
		Debug|Any CPU = Debug|Any CPU
		Release|Any CPU = Release|Any CPU
	EndGlobalSection
	GlobalSection(ProjectConfigurationPlatforms) = postSolution
		{242A1663-3877-4B9E-BE2D-454DEBC54AD6}.Debug|Any CPU.ActiveCfg = Debug|Any CPU
		{242A1663-3877-4B9E-BE2D-454DEBC54AD6}.Debug|Any CPU.Build.0 = Debug|Any CPU
		{242A1663-3877-4B9E-BE2D-454DEBC54AD6}.Release|Any CPU.ActiveCfg = Release|Any CPU
		{242A1663-3877-4B9E-BE2D-454DEBC54AD6}.Release|Any CPU.Build.0 = Release|Any CPU
		{1B3B8D02-0592-4C79-A755-73540E681F1F}.Debug|Any CPU.ActiveCfg = Debug|Any CPU
		{1B3B8D02-0592-4C79-A755-73540E681F1F}.Debug|Any CPU.Build.0 = Debug|Any CPU
		{1B3B8D02-0592-4C79-A755-73540E681F1F}.Release|Any CPU.ActiveCfg = Release|Any CPU
		{1B3B8D02-0592-4C79-A755-73540E681F1F}.Release|Any CPU.Build.0 = Release|Any CPU
		{2FD14CDB-E4D1-4ED7-9880-8152D5E37632}.Debug|Any CPU.ActiveCfg = Debug|Any CPU
		{2FD14CDB-E4D1-4ED7-9880-8152D5E37632}.Debug|Any CPU.Build.0 = Debug|Any CPU
		{2FD14CDB-E4D1-4ED7-9880-8152D5E37632}.Release|Any CPU.ActiveCfg = Release|Any CPU
		{2FD14CDB-E4D1-4ED7-9880-8152D5E37632}.Release|Any CPU.Build.0 = Release|Any CPU
		{B3F78F3C-5737-483B-959C-B5716DB00AAC}.Debug|Any CPU.ActiveCfg = Debug|Any CPU
		{B3F78F3C-5737-483B-959C-B5716DB00AAC}.Debug|Any CPU.Build.0 = Debug|Any CPU
		{B3F78F3C-5737-483B-959C-B5716DB00AAC}.Release|Any CPU.ActiveCfg = Release|Any CPU
		{B3F78F3C-5737-483B-959C-B5716DB00AAC}.Release|Any CPU.Build.0 = Release|Any CPU
		{CEA0FF0E-0E54-4E2F-B855-C33B76FE42F3}.Debug|Any CPU.ActiveCfg = Debug|Any CPU
		{CEA0FF0E-0E54-4E2F-B855-C33B76FE42F3}.Debug|Any CPU.Build.0 = Debug|Any CPU
		{CEA0FF0E-0E54-4E2F-B855-C33B76FE42F3}.Release|Any CPU.ActiveCfg = Release|Any CPU
		{CEA0FF0E-0E54-4E2F-B855-C33B76FE42F3}.Release|Any CPU.Build.0 = Release|Any CPU
		{83864102-C0DA-4CF3-9D2E-94EE57EEB593}.Debug|Any CPU.ActiveCfg = Debug|Any CPU
		{83864102-C0DA-4CF3-9D2E-94EE57EEB593}.Debug|Any CPU.Build.0 = Debug|Any CPU
		{83864102-C0DA-4CF3-9D2E-94EE57EEB593}.Release|Any CPU.ActiveCfg = Release|Any CPU
		{83864102-C0DA-4CF3-9D2E-94EE57EEB593}.Release|Any CPU.Build.0 = Release|Any CPU
	EndGlobalSection
	GlobalSection(SolutionProperties) = preSolution
		HideSolutionNode = FALSE
	EndGlobalSection
	GlobalSection(NestedProjects) = preSolution
		{242A1663-3877-4B9E-BE2D-454DEBC54AD6} = {4F33202A-8FA3-431F-87FD-DA8B9C330BF7}
		{1B3B8D02-0592-4C79-A755-73540E681F1F} = {4F33202A-8FA3-431F-87FD-DA8B9C330BF7}
		{2FD14CDB-E4D1-4ED7-9880-8152D5E37632} = {4F33202A-8FA3-431F-87FD-DA8B9C330BF7}
		{B3F78F3C-5737-483B-959C-B5716DB00AAC} = {4F33202A-8FA3-431F-87FD-DA8B9C330BF7}
		{CEA0FF0E-0E54-4E2F-B855-C33B76FE42F3} = {4F33202A-8FA3-431F-87FD-DA8B9C330BF7}
		{83864102-C0DA-4CF3-9D2E-94EE57EEB593} = {4F33202A-8FA3-431F-87FD-DA8B9C330BF7}
	EndGlobalSection
EndGlobal
